// !$*UTF8*$!
{
	archiveVersion = 1;
	classes = {
	};
	objectVersion = 46;
	objects = {

/* Begin PBXBuildFile section */
		86C319631B0A870B00DAF500 /* PixelPerfectTests.swift in Sources */ = {isa = PBXBuildFile; fileRef = 86C319621B0A870B00DAF500 /* PixelPerfectTests.swift */; };
		86FCB7CA1B87ACB80035F7EB /* AppDelegate.swift in Sources */ = {isa = PBXBuildFile; fileRef = 86FCB7C01B87ACB80035F7EB /* AppDelegate.swift */; };
		86FCB7CC1B87ACB80035F7EB /* App.swift in Sources */ = {isa = PBXBuildFile; fileRef = 86FCB7C21B87ACB80035F7EB /* App.swift */; };
		86FCB7D01B87ACB80035F7EB /* Images.xcassets in Resources */ = {isa = PBXBuildFile; fileRef = 86FCB7C81B87ACB80035F7EB /* Images.xcassets */; };
		86FCB7D61B87AFD00035F7EB /* Mac.swift in Sources */ = {isa = PBXBuildFile; fileRef = 86FCB7D51B87AFD00035F7EB /* Mac.swift */; };
		86FCB7E21B87B1E30035F7EB /* ImageView.swift in Sources */ = {isa = PBXBuildFile; fileRef = 86FCB7DF1B87B1E30035F7EB /* ImageView.swift */; };
		86FCB7E31B87B1E30035F7EB /* StageUseCase.swift in Sources */ = {isa = PBXBuildFile; fileRef = 86FCB7E01B87B1E30035F7EB /* StageUseCase.swift */; };
		86FCB7E41B87B1E30035F7EB /* StageViewController.swift in Sources */ = {isa = PBXBuildFile; fileRef = 86FCB7E11B87B1E30035F7EB /* StageViewController.swift */; };
		86FCB7E61B87B60D0035F7EB /* Stage.storyboard in Resources */ = {isa = PBXBuildFile; fileRef = 86FCB7E51B87B60D0035F7EB /* Stage.storyboard */; };
/* End PBXBuildFile section */

/* Begin PBXContainerItemProxy section */
		86C3195D1B0A870B00DAF500 /* PBXContainerItemProxy */ = {
			isa = PBXContainerItemProxy;
			containerPortal = 86C319421B0A870A00DAF500 /* Project object */;
			proxyType = 1;
			remoteGlobalIDString = 86C319491B0A870B00DAF500;
			remoteInfo = PixelPerfect;
		};
/* End PBXContainerItemProxy section */

/* Begin PBXFileReference section */
		86C3194A1B0A870B00DAF500 /* PixelPerfect.app */ = {isa = PBXFileReference; explicitFileType = wrapper.application; includeInIndex = 0; path = PixelPerfect.app; sourceTree = BUILT_PRODUCTS_DIR; };
		86C3195C1B0A870B00DAF500 /* PixelPerfectTests.xctest */ = {isa = PBXFileReference; explicitFileType = wrapper.cfbundle; includeInIndex = 0; path = PixelPerfectTests.xctest; sourceTree = BUILT_PRODUCTS_DIR; };
		86C319611B0A870B00DAF500 /* Info.plist */ = {isa = PBXFileReference; lastKnownFileType = text.plist.xml; path = Info.plist; sourceTree = "<group>"; };
		86C319621B0A870B00DAF500 /* PixelPerfectTests.swift */ = {isa = PBXFileReference; lastKnownFileType = sourcecode.swift; path = PixelPerfectTests.swift; sourceTree = "<group>"; };
		86FCB7C01B87ACB80035F7EB /* AppDelegate.swift */ = {isa = PBXFileReference; fileEncoding = 4; lastKnownFileType = sourcecode.swift; path = AppDelegate.swift; sourceTree = "<group>"; };
		86FCB7C21B87ACB80035F7EB /* App.swift */ = {isa = PBXFileReference; fileEncoding = 4; lastKnownFileType = sourcecode.swift; path = App.swift; sourceTree = "<group>"; };
		86FCB7C81B87ACB80035F7EB /* Images.xcassets */ = {isa = PBXFileReference; lastKnownFileType = folder.assetcatalog; path = Images.xcassets; sourceTree = "<group>"; };
		86FCB7C91B87ACB80035F7EB /* Info.plist */ = {isa = PBXFileReference; fileEncoding = 4; lastKnownFileType = text.plist.xml; path = Info.plist; sourceTree = "<group>"; };
		86FCB7D51B87AFD00035F7EB /* Mac.swift */ = {isa = PBXFileReference; fileEncoding = 4; lastKnownFileType = sourcecode.swift; path = Mac.swift; sourceTree = "<group>"; };
		86FCB7DF1B87B1E30035F7EB /* ImageView.swift */ = {isa = PBXFileReference; fileEncoding = 4; lastKnownFileType = sourcecode.swift; path = ImageView.swift; sourceTree = "<group>"; };
		86FCB7E01B87B1E30035F7EB /* StageUseCase.swift */ = {isa = PBXFileReference; fileEncoding = 4; lastKnownFileType = sourcecode.swift; path = StageUseCase.swift; sourceTree = "<group>"; };
		86FCB7E11B87B1E30035F7EB /* StageViewController.swift */ = {isa = PBXFileReference; fileEncoding = 4; lastKnownFileType = sourcecode.swift; path = StageViewController.swift; sourceTree = "<group>"; };
		86FCB7E51B87B60D0035F7EB /* Stage.storyboard */ = {isa = PBXFileReference; fileEncoding = 4; lastKnownFileType = file.storyboard; path = Stage.storyboard; sourceTree = "<group>"; };
/* End PBXFileReference section */

/* Begin PBXFrameworksBuildPhase section */
		86C319471B0A870B00DAF500 /* Frameworks */ = {
			isa = PBXFrameworksBuildPhase;
			buildActionMask = 2147483647;
			files = (
			);
			runOnlyForDeploymentPostprocessing = 0;
		};
		86C319591B0A870B00DAF500 /* Frameworks */ = {
			isa = PBXFrameworksBuildPhase;
			buildActionMask = 2147483647;
			files = (
			);
			runOnlyForDeploymentPostprocessing = 0;
		};
/* End PBXFrameworksBuildPhase section */

/* Begin PBXGroup section */
		86C319411B0A870A00DAF500 = {
			isa = PBXGroup;
			children = (
				86C3194C1B0A870B00DAF500 /* PixelPerfect */,
				86C3195F1B0A870B00DAF500 /* PixelPerfectTests */,
				86C3194B1B0A870B00DAF500 /* Products */,
			);
			sourceTree = "<group>";
		};
		86C3194B1B0A870B00DAF500 /* Products */ = {
			isa = PBXGroup;
			children = (
				86C3194A1B0A870B00DAF500 /* PixelPerfect.app */,
				86C3195C1B0A870B00DAF500 /* PixelPerfectTests.xctest */,
			);
			name = Products;
			sourceTree = "<group>";
		};
		86C3194C1B0A870B00DAF500 /* PixelPerfect */ = {
			isa = PBXGroup;
			children = (
				86FCB7BF1B87ACB80035F7EB /* Classes */,
				86FCB7C51B87ACB80035F7EB /* Etc */,
			);
			path = PixelPerfect;
			sourceTree = "<group>";
		};
		86C3195F1B0A870B00DAF500 /* PixelPerfectTests */ = {
			isa = PBXGroup;
			children = (
				86C319621B0A870B00DAF500 /* PixelPerfectTests.swift */,
				86C319601B0A870B00DAF500 /* Supporting Files */,
			);
			path = PixelPerfectTests;
			sourceTree = "<group>";
		};
		86C319601B0A870B00DAF500 /* Supporting Files */ = {
			isa = PBXGroup;
			children = (
				86C319611B0A870B00DAF500 /* Info.plist */,
			);
			name = "Supporting Files";
			sourceTree = "<group>";
		};
		86FCB7BF1B87ACB80035F7EB /* Classes */ = {
			isa = PBXGroup;
			children = (
				86FCB7D71B87AFFA0035F7EB /* Use Cases */,
				86FCB7D41B87AFD00035F7EB /* System */,
				86FCB7C01B87ACB80035F7EB /* AppDelegate.swift */,
				86FCB7C21B87ACB80035F7EB /* App.swift */,
			);
			path = Classes;
			sourceTree = "<group>";
		};
		86FCB7C51B87ACB80035F7EB /* Etc */ = {
			isa = PBXGroup;
			children = (
				86FCB7C81B87ACB80035F7EB /* Images.xcassets */,
				86FCB7C91B87ACB80035F7EB /* Info.plist */,
			);
			path = Etc;
			sourceTree = "<group>";
		};
		86FCB7D41B87AFD00035F7EB /* System */ = {
			isa = PBXGroup;
			children = (
				86FCB7D51B87AFD00035F7EB /* Mac.swift */,
			);
			path = System;
			sourceTree = "<group>";
		};
		86FCB7D71B87AFFA0035F7EB /* Use Cases */ = {
			isa = PBXGroup;
			children = (
				86FCB7DE1B87B1E30035F7EB /* Stage */,
			);
			path = "Use Cases";
			sourceTree = "<group>";
		};
		86FCB7DE1B87B1E30035F7EB /* Stage */ = {
			isa = PBXGroup;
			children = (
				86FCB7E51B87B60D0035F7EB /* Stage.storyboard */,
				86FCB7DF1B87B1E30035F7EB /* ImageView.swift */,
				86FCB7E01B87B1E30035F7EB /* StageUseCase.swift */,
				86FCB7E11B87B1E30035F7EB /* StageViewController.swift */,
			);
			path = Stage;
			sourceTree = "<group>";
		};
/* End PBXGroup section */

/* Begin PBXNativeTarget section */
		86C319491B0A870B00DAF500 /* PixelPerfect */ = {
			isa = PBXNativeTarget;
			buildConfigurationList = 86C319661B0A870B00DAF500 /* Build configuration list for PBXNativeTarget "PixelPerfect" */;
			buildPhases = (
				86C319461B0A870B00DAF500 /* Sources */,
				86C319471B0A870B00DAF500 /* Frameworks */,
				86C319481B0A870B00DAF500 /* Resources */,
			);
			buildRules = (
			);
			dependencies = (
			);
			name = PixelPerfect;
			productName = PixelPerfect;
			productReference = 86C3194A1B0A870B00DAF500 /* PixelPerfect.app */;
			productType = "com.apple.product-type.application";
		};
		86C3195B1B0A870B00DAF500 /* PixelPerfectTests */ = {
			isa = PBXNativeTarget;
			buildConfigurationList = 86C319691B0A870B00DAF500 /* Build configuration list for PBXNativeTarget "PixelPerfectTests" */;
			buildPhases = (
				86C319581B0A870B00DAF500 /* Sources */,
				86C319591B0A870B00DAF500 /* Frameworks */,
				86C3195A1B0A870B00DAF500 /* Resources */,
			);
			buildRules = (
			);
			dependencies = (
				86C3195E1B0A870B00DAF500 /* PBXTargetDependency */,
			);
			name = PixelPerfectTests;
			productName = PixelPerfectTests;
			productReference = 86C3195C1B0A870B00DAF500 /* PixelPerfectTests.xctest */;
			productType = "com.apple.product-type.bundle.unit-test";
		};
/* End PBXNativeTarget section */

/* Begin PBXProject section */
		86C319421B0A870A00DAF500 /* Project object */ = {
			isa = PBXProject;
			attributes = {
				LastUpgradeCheck = 0630;
				ORGANIZATIONNAME = "Stanislaw Pankevich";
				TargetAttributes = {
					86C319491B0A870B00DAF500 = {
						CreatedOnToolsVersion = 6.3.1;
					};
					86C3195B1B0A870B00DAF500 = {
						CreatedOnToolsVersion = 6.3.1;
						TestTargetID = 86C319491B0A870B00DAF500;
					};
				};
			};
			buildConfigurationList = 86C319451B0A870B00DAF500 /* Build configuration list for PBXProject "PixelPerfect" */;
			compatibilityVersion = "Xcode 3.2";
			developmentRegion = English;
			hasScannedForEncodings = 0;
			knownRegions = (
				en,
				Base,
			);
			mainGroup = 86C319411B0A870A00DAF500;
			productRefGroup = 86C3194B1B0A870B00DAF500 /* Products */;
			projectDirPath = "";
			projectRoot = "";
			targets = (
				86C319491B0A870B00DAF500 /* PixelPerfect */,
				86C3195B1B0A870B00DAF500 /* PixelPerfectTests */,
			);
		};
/* End PBXProject section */

/* Begin PBXResourcesBuildPhase section */
		86C319481B0A870B00DAF500 /* Resources */ = {
			isa = PBXResourcesBuildPhase;
			buildActionMask = 2147483647;
			files = (
				86FCB7D01B87ACB80035F7EB /* Images.xcassets in Resources */,
				86FCB7E61B87B60D0035F7EB /* Stage.storyboard in Resources */,
			);
			runOnlyForDeploymentPostprocessing = 0;
		};
		86C3195A1B0A870B00DAF500 /* Resources */ = {
			isa = PBXResourcesBuildPhase;
			buildActionMask = 2147483647;
			files = (
			);
			runOnlyForDeploymentPostprocessing = 0;
		};
/* End PBXResourcesBuildPhase section */

/* Begin PBXSourcesBuildPhase section */
		86C319461B0A870B00DAF500 /* Sources */ = {
			isa = PBXSourcesBuildPhase;
			buildActionMask = 2147483647;
			files = (
				86FCB7E31B87B1E30035F7EB /* StageUseCase.swift in Sources */,
				86FCB7E21B87B1E30035F7EB /* ImageView.swift in Sources */,
				86FCB7D61B87AFD00035F7EB /* Mac.swift in Sources */,
				86FCB7E41B87B1E30035F7EB /* StageViewController.swift in Sources */,
				86FCB7CC1B87ACB80035F7EB /* App.swift in Sources */,
				86FCB7CA1B87ACB80035F7EB /* AppDelegate.swift in Sources */,
			);
			runOnlyForDeploymentPostprocessing = 0;
		};
		86C319581B0A870B00DAF500 /* Sources */ = {
			isa = PBXSourcesBuildPhase;
			buildActionMask = 2147483647;
			files = (
				86C319631B0A870B00DAF500 /* PixelPerfectTests.swift in Sources */,
			);
			runOnlyForDeploymentPostprocessing = 0;
		};
/* End PBXSourcesBuildPhase section */

/* Begin PBXTargetDependency section */
		86C3195E1B0A870B00DAF500 /* PBXTargetDependency */ = {
			isa = PBXTargetDependency;
			target = 86C319491B0A870B00DAF500 /* PixelPerfect */;
			targetProxy = 86C3195D1B0A870B00DAF500 /* PBXContainerItemProxy */;
		};
/* End PBXTargetDependency section */

/* Begin XCBuildConfiguration section */
		86C319641B0A870B00DAF500 /* Debug */ = {
			isa = XCBuildConfiguration;
			buildSettings = {
				ALWAYS_SEARCH_USER_PATHS = NO;
				CLANG_CXX_LANGUAGE_STANDARD = "gnu++0x";
				CLANG_CXX_LIBRARY = "libc++";
				CLANG_ENABLE_MODULES = YES;
				CLANG_ENABLE_OBJC_ARC = YES;
				CLANG_WARN_BOOL_CONVERSION = YES;
				CLANG_WARN_CONSTANT_CONVERSION = YES;
				CLANG_WARN_DIRECT_OBJC_ISA_USAGE = YES_ERROR;
				CLANG_WARN_EMPTY_BODY = YES;
				CLANG_WARN_ENUM_CONVERSION = YES;
				CLANG_WARN_INT_CONVERSION = YES;
				CLANG_WARN_OBJC_ROOT_CLASS = YES_ERROR;
				CLANG_WARN_UNREACHABLE_CODE = YES;
				CLANG_WARN__DUPLICATE_METHOD_MATCH = YES;
				CODE_SIGN_IDENTITY = "-";
				COPY_PHASE_STRIP = NO;
				DEBUG_INFORMATION_FORMAT = dwarf;
				ENABLE_STRICT_OBJC_MSGSEND = YES;
				GCC_C_LANGUAGE_STANDARD = gnu99;
				GCC_DYNAMIC_NO_PIC = NO;
				GCC_NO_COMMON_BLOCKS = YES;
				GCC_OPTIMIZATION_LEVEL = 0;
				GCC_PREPROCESSOR_DEFINITIONS = (
					"DEBUG=1",
					"$(inherited)",
				);
				GCC_SYMBOLS_PRIVATE_EXTERN = NO;
				GCC_WARN_64_TO_32_BIT_CONVERSION = YES;
				GCC_WARN_ABOUT_RETURN_TYPE = YES_ERROR;
				GCC_WARN_UNDECLARED_SELECTOR = YES;
				GCC_WARN_UNINITIALIZED_AUTOS = YES_AGGRESSIVE;
				GCC_WARN_UNUSED_FUNCTION = YES;
				GCC_WARN_UNUSED_VARIABLE = YES;
				MACOSX_DEPLOYMENT_TARGET = 10.10;
				MTL_ENABLE_DEBUG_INFO = YES;
				ONLY_ACTIVE_ARCH = YES;
				SDKROOT = macosx;
				SWIFT_OPTIMIZATION_LEVEL = "-Onone";
			};
			name = Debug;
		};
		86C319651B0A870B00DAF500 /* Release */ = {
			isa = XCBuildConfiguration;
			buildSettings = {
				ALWAYS_SEARCH_USER_PATHS = NO;
				CLANG_CXX_LANGUAGE_STANDARD = "gnu++0x";
				CLANG_CXX_LIBRARY = "libc++";
				CLANG_ENABLE_MODULES = YES;
				CLANG_ENABLE_OBJC_ARC = YES;
				CLANG_WARN_BOOL_CONVERSION = YES;
				CLANG_WARN_CONSTANT_CONVERSION = YES;
				CLANG_WARN_DIRECT_OBJC_ISA_USAGE = YES_ERROR;
				CLANG_WARN_EMPTY_BODY = YES;
				CLANG_WARN_ENUM_CONVERSION = YES;
				CLANG_WARN_INT_CONVERSION = YES;
				CLANG_WARN_OBJC_ROOT_CLASS = YES_ERROR;
				CLANG_WARN_UNREACHABLE_CODE = YES;
				CLANG_WARN__DUPLICATE_METHOD_MATCH = YES;
				CODE_SIGN_IDENTITY = "-";
				COPY_PHASE_STRIP = NO;
				DEBUG_INFORMATION_FORMAT = "dwarf-with-dsym";
				ENABLE_NS_ASSERTIONS = NO;
				ENABLE_STRICT_OBJC_MSGSEND = YES;
				GCC_C_LANGUAGE_STANDARD = gnu99;
				GCC_NO_COMMON_BLOCKS = YES;
				GCC_WARN_64_TO_32_BIT_CONVERSION = YES;
				GCC_WARN_ABOUT_RETURN_TYPE = YES_ERROR;
				GCC_WARN_UNDECLARED_SELECTOR = YES;
				GCC_WARN_UNINITIALIZED_AUTOS = YES_AGGRESSIVE;
				GCC_WARN_UNUSED_FUNCTION = YES;
				GCC_WARN_UNUSED_VARIABLE = YES;
				MACOSX_DEPLOYMENT_TARGET = 10.10;
				MTL_ENABLE_DEBUG_INFO = NO;
				SDKROOT = macosx;
			};
			name = Release;
		};
		86C319671B0A870B00DAF500 /* Debug */ = {
			isa = XCBuildConfiguration;
			buildSettings = {
				ASSETCATALOG_COMPILER_APPICON_NAME = AppIcon;
				COMBINE_HIDPI_IMAGES = YES;
				INFOPLIST_FILE = "$(SRCROOT)/PixelPerfect/Etc/Info.plist";
				LD_RUNPATH_SEARCH_PATHS = "$(inherited) @executable_path/../Frameworks";
				PRODUCT_NAME = "$(TARGET_NAME)";
			};
			name = Debug;
		};
		86C319681B0A870B00DAF500 /* Release */ = {
			isa = XCBuildConfiguration;
			buildSettings = {
				ASSETCATALOG_COMPILER_APPICON_NAME = AppIcon;
				COMBINE_HIDPI_IMAGES = YES;
				INFOPLIST_FILE = "$(SRCROOT)/PixelPerfect/Etc/Info.plist";
				LD_RUNPATH_SEARCH_PATHS = "$(inherited) @executable_path/../Frameworks";
				PRODUCT_NAME = "$(TARGET_NAME)";
			};
			name = Release;
		};
		86C3196A1B0A870B00DAF500 /* Debug */ = {
			isa = XCBuildConfiguration;
			buildSettings = {
				BUNDLE_LOADER = "$(TEST_HOST)";
				COMBINE_HIDPI_IMAGES = YES;
				FRAMEWORK_SEARCH_PATHS = (
					"$(DEVELOPER_FRAMEWORKS_DIR)",
					"$(inherited)",
				);
				GCC_PREPROCESSOR_DEFINITIONS = (
					"DEBUG=1",
					"$(inherited)",
				);
				INFOPLIST_FILE = PixelPerfectTests/Info.plist;
				LD_RUNPATH_SEARCH_PATHS = "$(inherited) @executable_path/../Frameworks @loader_path/../Frameworks";
				PRODUCT_NAME = "$(TARGET_NAME)";
				TEST_HOST = "$(BUILT_PRODUCTS_DIR)/PixelPerfect.app/Contents/MacOS/PixelPerfect";
			};
			name = Debug;
		};
		86C3196B1B0A870B00DAF500 /* Release */ = {
			isa = XCBuildConfiguration;
			buildSettings = {
				BUNDLE_LOADER = "$(TEST_HOST)";
				COMBINE_HIDPI_IMAGES = YES;
				FRAMEWORK_SEARCH_PATHS = (
					"$(DEVELOPER_FRAMEWORKS_DIR)",
					"$(inherited)",
				);
				INFOPLIST_FILE = PixelPerfectTests/Info.plist;
				LD_RUNPATH_SEARCH_PATHS = "$(inherited) @executable_path/../Frameworks @loader_path/../Frameworks";
				PRODUCT_NAME = "$(TARGET_NAME)";
				TEST_HOST = "$(BUILT_PRODUCTS_DIR)/PixelPerfect.app/Contents/MacOS/PixelPerfect";
			};
			name = Release;
		};
/* End XCBuildConfiguration section */

/* Begin XCConfigurationList section */
		86C319451B0A870B00DAF500 /* Build configuration list for PBXProject "PixelPerfect" */ = {
			isa = XCConfigurationList;
			buildConfigurations = (
				86C319641B0A870B00DAF500 /* Debug */,
				86C319651B0A870B00DAF500 /* Release */,
			);
			defaultConfigurationIsVisible = 0;
			defaultConfigurationName = Release;
		};
		86C319661B0A870B00DAF500 /* Build configuration list for PBXNativeTarget "PixelPerfect" */ = {
			isa = XCConfigurationList;
			buildConfigurations = (
				86C319671B0A870B00DAF500 /* Debug */,
				86C319681B0A870B00DAF500 /* Release */,
			);
			defaultConfigurationIsVisible = 0;
			defaultConfigurationName = Release;
		};
		86C319691B0A870B00DAF500 /* Build configuration list for PBXNativeTarget "PixelPerfectTests" */ = {
			isa = XCConfigurationList;
			buildConfigurations = (
				86C3196A1B0A870B00DAF500 /* Debug */,
				86C3196B1B0A870B00DAF500 /* Release */,
			);
			defaultConfigurationIsVisible = 0;
			defaultConfigurationName = Release;
		};
/* End XCConfigurationList section */
	};
	rootObject = 86C319421B0A870A00DAF500 /* Project object */;
}
